
Microsoft Visual Studio Solution File, Format Version 12.00
# Visual Studio Version 17
VisualStudioVersion = 17.7.34024.191
MinimumVisualStudioVersion = 10.0.40219.1
Project("{FAE04EC0-301F-11D3-BF4B-00C04F79EFBC}") = "Builder", "Builder.csproj", "{F4BB4538-00D6-4688-BF86-A7AFFF85C055}"
EndProject
Global
	GlobalSection(SolutionConfigurationPlatforms) = preSolution
		Debug|Any CPU = Debug|Any CPU
		Release|Any CPU = Release|Any CPU
	EndGlobalSection
	GlobalSection(ProjectConfigurationPlatforms) = postSolution
		{F4BB4538-00D6-4688-BF86-A7AFFF85C055}.Debug|Any CPU.ActiveCfg = Debug|Any CPU
		{F4BB4538-00D6-4688-BF86-A7AFFF85C055}.Debug|Any CPU.Build.0 = Debug|Any CPU
		{F4BB4538-00D6-4688-BF86-A7AFFF85C055}.Release|Any CPU.ActiveCfg = Release|Any CPU
		{F4BB4538-00D6-4688-BF86-A7AFFF85C055}.Release|Any CPU.Build.0 = Release|Any CPU
	EndGlobalSection
	GlobalSection(SolutionProperties) = preSolution
		HideSolutionNode = FALSE
	EndGlobalSection
	GlobalSection(ExtensibilityGlobals) = postSolution
		SolutionGuid = {C132B26A-4884-4553-BD2B-4188022B94AB}
	EndGlobalSection
EndGlobal
